
Microsoft Visual Studio Solution File, Format Version 12.00
# Visual Studio Version 17
VisualStudioVersion = 17.11.35222.181
MinimumVisualStudioVersion = 10.0.40219.1
Project("{9A19103F-16F7-4668-BE54-9A1E7A4F7556}") = "OrderProcessingBenchmark", "OrderProcessingBenchmark.csproj", "{C65AEB9A-0362-4617-8D95-A4558C818463}"
EndProject
Global
	GlobalSection(SolutionConfigurationPlatforms) = preSolution
		Debug|Any CPU = Debug|Any CPU
		Release|Any CPU = Release|Any CPU
	EndGlobalSection
	GlobalSection(ProjectConfigurationPlatforms) = postSolution
		{C65AEB9A-0362-4617-8D95-A4558C818463}.Debug|Any CPU.ActiveCfg = Debug|Any CPU
		{C65AEB9A-0362-4617-8D95-A4558C818463}.Debug|Any CPU.Build.0 = Debug|Any CPU
		{C65AEB9A-0362-4617-8D95-A4558C818463}.Release|Any CPU.ActiveCfg = Release|Any CPU
		{C65AEB9A-0362-4617-8D95-A4558C818463}.Release|Any CPU.Build.0 = Release|Any CPU
	EndGlobalSection
	GlobalSection(SolutionProperties) = preSolution
		HideSolutionNode = FALSE
	EndGlobalSection
	GlobalSection(ExtensibilityGlobals) = postSolution
		SolutionGuid = {033014C0-A719-4E00-B17D-1D67592781C4}
	EndGlobalSection
EndGlobal
